{
    "_meta": {
        "hash": {
            "sha256": "4999ec1392dc3fbd6a697d000a78983db48ed456ad404ffaead76bcbb786d177"
        },
        "pipfile-spec": 6,
        "requires": {
            "python_version": "3.10"
        },
        "sources": [
            {
                "name": "pypi",
                "url": "https://pypi.org/simple",
                "verify_ssl": true
            }
        ]
    },
    "default": {
        "psutil": {
            "hashes": [
                "sha256:07d880053c6461c9b89cd5d4808f3b8336665fa3acdefd6777662c5ed73a851a",
                "sha256:12500d761ac091f2426567f19f95fd3f15a197d96befb44a5c1e3cbe6db5752c",
                "sha256:1b540599481c73408f6b392cdffef5b01e8ff7a2ac8caae0a91b8222e88e8f1e",
                "sha256:35feafe232d1aaf35d51bd42790cbccb882456f9f18cdc411532902370d660df",
                "sha256:3a7826e68b0cf4ce2c1ee385d64eab7d70e3133171376cac53d7c1790357ec8f",
                "sha256:46907fa62acaac364fff0b8a9da7b360265d217e4fdeaca0a2397a6883dffba2",
                "sha256:4bd4854f0c83aa84a5a40d3b5d0eb1f3c128f4146371e03baed4589fe4f3c931",
                "sha256:538fcf6ae856b5e12d13d7da25ad67f02113c96f5989e6ad44422cb5994ca7fc",
                "sha256:547ebb02031fdada635452250ff39942db8310b5c4a8102dfe9384ee5791e650",
                "sha256:5e8b50241dd3c2ed498507f87a6602825073c07f3b7e9560c58411c14fe1e1c9",
                "sha256:5fa88e3d5d0b480602553d362c4b33a63e0c40bfea7312a7bf78799e01e0810b",
                "sha256:68fa227c32240c52982cb931801c5707a7f96dd8927f9102d6c7771ea1ff5698",
                "sha256:6ced1ad823ecfa7d3ce26fe8aa4996e2e53fb49b7fed8ad81c80958501ec0619",
                "sha256:71b1206e7909792d16933a0d2c1c7f04ae196186c51ba8567abae1d041f06dcb",
                "sha256:767ef4fa33acda16703725c0473a91e1832d296c37c63896c7153ba81698f1ab",
                "sha256:7ccfcdfea4fc4b0a02ca2c31de7fcd186beb9cff8207800e14ab66f79c773af6",
                "sha256:7e4939ff75149b67aef77980409f156f0082fa36accc475d45c705bb00c6c16a",
                "sha256:828c9dc9478b34ab96be75c81942d8df0c2bb49edbb481f597314d92b6441d89",
                "sha256:8a4e07611997acf178ad13b842377e3d8e9d0a5bac43ece9bfc22a96735d9a4f",
                "sha256:941a6c2c591da455d760121b44097781bc970be40e0e43081b9139da485ad5b7",
                "sha256:9a4af6ed1094f867834f5f07acd1250605a0874169a5fcadbcec864aec2496a6",
                "sha256:9ec296f565191f89c48f33d9544d8d82b0d2af7dd7d2d4e6319f27a818f8d1cc",
                "sha256:9ec95df684583b5596c82bb380c53a603bb051cf019d5c849c47e117c5064395",
                "sha256:a04a1836894c8279e5e0a0127c0db8e198ca133d28be8a2a72b4db16f6cf99c1",
                "sha256:a3d81165b8474087bb90ec4f333a638ccfd1d69d34a9b4a1a7eaac06648f9fbe",
                "sha256:b4a247cd3feaae39bb6085fcebf35b3b8ecd9b022db796d89c8f05067ca28e71",
                "sha256:ba38cf9984d5462b506e239cf4bc24e84ead4b1d71a3be35e66dad0d13ded7c1",
                "sha256:beb57d8a1ca0ae0eb3d08ccaceb77e1a6d93606f0e1754f0d60a6ebd5c288837",
                "sha256:d266cd05bd4a95ca1c2b9b5aac50d249cf7c94a542f47e0b22928ddf8b80d1ef",
                "sha256:d8c3cc6bb76492133474e130a12351a325336c01c96a24aae731abf5a47fe088",
                "sha256:db8e62016add2235cc87fb7ea000ede9e4ca0aa1f221b40cef049d02d5d2593d",
                "sha256:e7507f6c7b0262d3e7b0eeda15045bf5881f4ada70473b87bc7b7c93b992a7d7",
                "sha256:ed15edb14f52925869250b1375f0ff58ca5c4fa8adefe4883cfb0737d32f5c02",
                "sha256:f57d63a2b5beaf797b87024d018772439f9d3103a395627b77d17a8d72009543",
                "sha256:fa5e32c7d9b60b2528108ade2929b115167fe98d59f89555574715054f50fa31",
                "sha256:fe79b4ad4836e3da6c4650cb85a663b3a51aef22e1a829c384e18fae87e5e727"
            ],
            "index": "pypi",
            "version": "==5.9.3"
        },
        "xdg": {
            "hashes": [
                "sha256:865a7b56ed1d4cd2fce2ead1eddf97360843619757f473cd90b75f1817ca541d",
                "sha256:aa619f26ccec6088b2a6018721d4ee86e602099b24644a90a8d3308a25acd06c"
            ],
            "index": "pypi",
            "version": "==5.1.1"
        }
    },
    "develop": {
        "attrs": {
            "hashes": [
                "sha256:29e95c7f6778868dbd49170f98f8818f78f3dc5e0e37c0b1f474e3561b240836",
                "sha256:c9227bfc2f01993c03f68db37d1d15c9690188323c067c641f1a35ca58185f99"
            ],
            "markers": "python_version >= '3.6'",
            "version": "==22.2.0"
        },
        "exceptiongroup": {
            "hashes": [
                "sha256:327cbda3da756e2de031a3107b81ab7b3770a602c4d16ca618298c526f4bec1e",
                "sha256:bcb67d800a4497e1b404c2dd44fca47d3b7a5e5433dbab67f96c1a685cdfdf23"
            ],
            "markers": "python_version < '3.11'",
            "version": "==1.1.0"
        },
        "iniconfig": {
            "hashes": [
                "sha256:2d91e135bf72d31a410b17c16da610a82cb55f6b0477d1a902134b24a455b8b3",
                "sha256:b6a85871a79d2e3b22d2d1b94ac2824226a63c6b741c88f7ae975f18b6778374"
            ],
            "markers": "python_version >= '3.7'",
            "version": "==2.0.0"
        },
        "packaging": {
            "hashes": [
                "sha256:714ac14496c3e68c99c29b00845f7a2b85f3bb6f1078fd9f72fd20f0570002b2",
                "sha256:b6ad297f8907de0fa2fe1ccbd26fdaf387f5f47c7275fedf8cce89f99446cf97"
            ],
            "markers": "python_version >= '3.7'",
            "version": "==23.0"
        },
        "pluggy": {
            "hashes": [
                "sha256:4224373bacce55f955a878bf9cfa763c1e360858e330072059e10bad68531159",
                "sha256:74134bbf457f031a36d68416e1509f34bd5ccc019f0bcc952c7b909d06b37bd3"
            ],
            "markers": "python_version >= '3.6'",
            "version": "==1.0.0"
        },
        "pytest": {
            "hashes": [
                "sha256:c7c6ca206e93355074ae32f7403e8ea12163b1163c976fee7d4d84027c162be5",
                "sha256:d45e0952f3727241918b8fd0f376f5ff6b301cc0777c6f9a556935c92d8a7d42"
            ],
            "index": "pypi",
            "version": "==7.2.1"
        },
        "requirements-parser": {
            "hashes": [
                "sha256:3336f3a3ae23e06d3f0f88595e4052396e3adf91688787f637e5d2ca1a904069",
                "sha256:e7fcdcd04f2049e73a9fb150d8a0f9d51ce4108f5f7cbeac74c484e17b12bcd9"
            ],
            "index": "pypi",
            "version": "==0.5.0"
        },
        "tomli": {
            "hashes": [
                "sha256:939de3e7a6161af0c887ef91b7d41a53e7c5a1ca976325f429cb46ea9bc30ecc",
                "sha256:de526c12914f0c550d15924c62d72abc48d6fe7364aa87328337a31007fe8a4f"
            ],
            "markers": "python_version < '3.11'",
            "version": "==2.0.1"
        },
        "types-docutils": {
            "hashes": [
                "sha256:7be44dac1b160901308ac43762d5e89175105ed682092a3a1f08911d2573a470",
                "sha256:ca3d2135484adb52dd042bbddbd6eddcbbda8c608ba3f5e5f908bd548ffcb399"
            ],
            "version": "==0.19.1.2"
        },
        "types-setuptools": {
            "hashes": [
                "sha256:b823969ea92a6d41d35933881d4c732248df834062e0d6f044c3eb36c446254e",
                "sha256:c00f2dd1e6dcbb893faea4a57dbae80bb96d826b865d9ade8ae250a830cba10c"
            ],
            "version": "==65.7.0.3"
        }
    }
}
